{
  "name": "hermes-hybrid",
  "version": "1.0.0",
  "lockfileVersion": 3,
  "requires": true,
  "packages": {
    "": {
      "name": "hermes-hybrid",
      "version": "1.0.0",
      "hasInstallScript": true,
      "license": "MIT",
      "bin": {
        "hermes-hybrid": "bin/cli.js",
        "hh": "bin/cli.js"
      },
      "engines": {
        "node": ">=18"
      }
    }
  }
}
